
Microsoft Visual Studio Solution File, Format Version 12.00
# Visual Studio 15
VisualStudioVersion = 15.0.28307.421
MinimumVisualStudioVersion = 10.0.40219.1
Project("{FAE04EC0-301F-11D3-BF4B-00C04F79EFBC}") = "PingPongGame", "PingPongGame\PingPongGame.csproj", "{F04688D0-3D43-4538-A9BF-C6532BA8925A}"
EndProject
Global
	GlobalSection(SolutionConfigurationPlatforms) = preSolution
		Debug|Any CPU = Debug|Any CPU
		Release|Any CPU = Release|Any CPU
	EndGlobalSection
	GlobalSection(ProjectConfigurationPlatforms) = postSolution
		{F04688D0-3D43-4538-A9BF-C6532BA8925A}.Debug|Any CPU.ActiveCfg = Debug|Any CPU
		{F04688D0-3D43-4538-A9BF-C6532BA8925A}.Debug|Any CPU.Build.0 = Debug|Any CPU
		{F04688D0-3D43-4538-A9BF-C6532BA8925A}.Release|Any CPU.ActiveCfg = Release|Any CPU
		{F04688D0-3D43-4538-A9BF-C6532BA8925A}.Release|Any CPU.Build.0 = Release|Any CPU
	EndGlobalSection
	GlobalSection(SolutionProperties) = preSolution
		HideSolutionNode = FALSE
	EndGlobalSection
	GlobalSection(ExtensibilityGlobals) = postSolution
		SolutionGuid = {AA97F85B-0BB3-41FC-9162-28E1CB93CDD1}
	EndGlobalSection
EndGlobal
